
Microsoft Visual Studio Solution File, Format Version 12.00
# Visual Studio Version 17
VisualStudioVersion = 17.7.34009.444
MinimumVisualStudioVersion = 10.0.40219.1
Project("{FAE04EC0-301F-11D3-BF4B-00C04F79EFBC}") = "practossssss1", "practossssss1\practossssss1.csproj", "{DC64CE97-A5C4-43D1-A3A6-5BA4D4C22722}"
EndProject
Global
	GlobalSection(SolutionConfigurationPlatforms) = preSolution
		Debug|Any CPU = Debug|Any CPU
		Release|Any CPU = Release|Any CPU
	EndGlobalSection
	GlobalSection(ProjectConfigurationPlatforms) = postSolution
		{DC64CE97-A5C4-43D1-A3A6-5BA4D4C22722}.Debug|Any CPU.ActiveCfg = Debug|Any CPU
		{DC64CE97-A5C4-43D1-A3A6-5BA4D4C22722}.Debug|Any CPU.Build.0 = Debug|Any CPU
		{DC64CE97-A5C4-43D1-A3A6-5BA4D4C22722}.Release|Any CPU.ActiveCfg = Release|Any CPU
		{DC64CE97-A5C4-43D1-A3A6-5BA4D4C22722}.Release|Any CPU.Build.0 = Release|Any CPU
	EndGlobalSection
	GlobalSection(SolutionProperties) = preSolution
		HideSolutionNode = FALSE
	EndGlobalSection
	GlobalSection(ExtensibilityGlobals) = postSolution
		SolutionGuid = {14B0F3F9-29E8-48A5-8AD2-E432687282B9}
	EndGlobalSection
EndGlobal
